
Microsoft Visual Studio Solution File, Format Version 12.00
# Visual Studio Version 16
VisualStudioVersion = 16.0.31729.503
MinimumVisualStudioVersion = 10.0.40219.1
Project("{FAE04EC0-301F-11D3-BF4B-00C04F79EFBC}") = "W8_Praktikum_Catherine Lim_0706022110002", "W8_Praktikum_Catherine Lim_0706022110002\W8_Praktikum_Catherine Lim_0706022110002.csproj", "{6DF9C138-DDD1-4DB0-9637-734C98F1383A}"
EndProject
Global
	GlobalSection(SolutionConfigurationPlatforms) = preSolution
		Debug|Any CPU = Debug|Any CPU
		Release|Any CPU = Release|Any CPU
	EndGlobalSection
	GlobalSection(ProjectConfigurationPlatforms) = postSolution
		{6DF9C138-DDD1-4DB0-9637-734C98F1383A}.Debug|Any CPU.ActiveCfg = Debug|Any CPU
		{6DF9C138-DDD1-4DB0-9637-734C98F1383A}.Debug|Any CPU.Build.0 = Debug|Any CPU
		{6DF9C138-DDD1-4DB0-9637-734C98F1383A}.Release|Any CPU.ActiveCfg = Release|Any CPU
		{6DF9C138-DDD1-4DB0-9637-734C98F1383A}.Release|Any CPU.Build.0 = Release|Any CPU
	EndGlobalSection
	GlobalSection(SolutionProperties) = preSolution
		HideSolutionNode = FALSE
	EndGlobalSection
	GlobalSection(ExtensibilityGlobals) = postSolution
		SolutionGuid = {211F524B-BD56-4283-82F0-753F8E4D0C75}
	EndGlobalSection
EndGlobal
